
Microsoft Visual Studio Solution File, Format Version 12.00
# Visual Studio Version 16
VisualStudioVersion = 16.0.810.9
MinimumVisualStudioVersion = 10.0.40219.1
Project("{FAE04EC0-301F-11D3-BF4B-00C04F79EFBC}") = "Mathematics", "Mathematics\Mathematics.csproj", "{95256186-6BA8-4264-8F34-6901008675ED}"
EndProject
Project("{FAE04EC0-301F-11D3-BF4B-00C04F79EFBC}") = "MathematicsTest", "MathematicsTest\MathematicsTest.csproj", "{DDCA290E-B5D2-4435-8726-31B8FA8C86C2}"
EndProject
Project("{FAE04EC0-301F-11D3-BF4B-00C04F79EFBC}") = "BusinessEntities", "BusinessEntities\BusinessEntities.csproj", "{9E5BFE58-2B3C-4080-94DC-7D33580E4D37}"
EndProject
Global
	GlobalSection(SolutionConfigurationPlatforms) = preSolution
		Debug|Any CPU = Debug|Any CPU
		Release|Any CPU = Release|Any CPU
	EndGlobalSection
	GlobalSection(ProjectConfigurationPlatforms) = postSolution
		{95256186-6BA8-4264-8F34-6901008675ED}.Debug|Any CPU.ActiveCfg = Debug|Any CPU
		{95256186-6BA8-4264-8F34-6901008675ED}.Debug|Any CPU.Build.0 = Debug|Any CPU
		{95256186-6BA8-4264-8F34-6901008675ED}.Release|Any CPU.ActiveCfg = Release|Any CPU
		{95256186-6BA8-4264-8F34-6901008675ED}.Release|Any CPU.Build.0 = Release|Any CPU
		{DDCA290E-B5D2-4435-8726-31B8FA8C86C2}.Debug|Any CPU.ActiveCfg = Debug|Any CPU
		{DDCA290E-B5D2-4435-8726-31B8FA8C86C2}.Debug|Any CPU.Build.0 = Debug|Any CPU
		{DDCA290E-B5D2-4435-8726-31B8FA8C86C2}.Release|Any CPU.ActiveCfg = Release|Any CPU
		{DDCA290E-B5D2-4435-8726-31B8FA8C86C2}.Release|Any CPU.Build.0 = Release|Any CPU
		{9E5BFE58-2B3C-4080-94DC-7D33580E4D37}.Debug|Any CPU.ActiveCfg = Debug|Any CPU
		{9E5BFE58-2B3C-4080-94DC-7D33580E4D37}.Debug|Any CPU.Build.0 = Debug|Any CPU
		{9E5BFE58-2B3C-4080-94DC-7D33580E4D37}.Release|Any CPU.ActiveCfg = Release|Any CPU
		{9E5BFE58-2B3C-4080-94DC-7D33580E4D37}.Release|Any CPU.Build.0 = Release|Any CPU
	EndGlobalSection
	GlobalSection(SolutionProperties) = preSolution
		HideSolutionNode = FALSE
	EndGlobalSection
	GlobalSection(ExtensibilityGlobals) = postSolution
		SolutionGuid = {3A066FFB-DC3F-4EB4-B802-A32B742315F9}
	EndGlobalSection
EndGlobal
